// !$*UTF8*$!
{
	archiveVersion = 1;
	classes = {
	};
	objectVersion = 46;
	objects = {

/* Begin PBXBuildFile section */
		181AC7D2180AAC7500C6389B /* Foundation.framework in Frameworks */ = {isa = PBXBuildFile; fileRef = 181AC7D1180AAC7500C6389B /* Foundation.framework */; };
		181AC7D4180AAC7500C6389B /* CoreGraphics.framework in Frameworks */ = {isa = PBXBuildFile; fileRef = 181AC7D3180AAC7500C6389B /* CoreGraphics.framework */; };
		181AC7D6180AAC7500C6389B /* UIKit.framework in Frameworks */ = {isa = PBXBuildFile; fileRef = 181AC7D5180AAC7500C6389B /* UIKit.framework */; };
		181AC7DC180AAC7500C6389B /* InfoPlist.strings in Resources */ = {isa = PBXBuildFile; fileRef = 181AC7DA180AAC7500C6389B /* InfoPlist.strings */; };
		181AC7DE180AAC7500C6389B /* main.m in Sources */ = {isa = PBXBuildFile; fileRef = 181AC7DD180AAC7500C6389B /* main.m */; };
		181AC7E2180AAC7500C6389B /* AppDelegate.m in Sources */ = {isa = PBXBuildFile; fileRef = 181AC7E1180AAC7500C6389B /* AppDelegate.m */; };
		181AC7E4180AAC7500C6389B /* Images.xcassets in Resources */ = {isa = PBXBuildFile; fileRef = 181AC7E3180AAC7500C6389B /* Images.xcassets */; };
		181AC7EB180AAC7500C6389B /* XCTest.framework in Frameworks */ = {isa = PBXBuildFile; fileRef = 181AC7EA180AAC7500C6389B /* XCTest.framework */; };
		181AC7EC180AAC7500C6389B /* Foundation.framework in Frameworks */ = {isa = PBXBuildFile; fileRef = 181AC7D1180AAC7500C6389B /* Foundation.framework */; };
		181AC7ED180AAC7500C6389B /* UIKit.framework in Frameworks */ = {isa = PBXBuildFile; fileRef = 181AC7D5180AAC7500C6389B /* UIKit.framework */; };
		181AC7F5180AAC7500C6389B /* InfoPlist.strings in Resources */ = {isa = PBXBuildFile; fileRef = 181AC7F3180AAC7500C6389B /* InfoPlist.strings */; };
		181AC7F7180AAC7500C6389B /* test1003_XmlParserTests.m in Sources */ = {isa = PBXBuildFile; fileRef = 181AC7F6180AAC7500C6389B /* test1003_XmlParserTests.m */; };
		181AC802180AACAA00C6389B /* UrlListTableViewController.m in Sources */ = {isa = PBXBuildFile; fileRef = 181AC801180AACAA00C6389B /* UrlListTableViewController.m */; };
		181AC805180AACBC00C6389B /* FeedListTableViewController.m in Sources */ = {isa = PBXBuildFile; fileRef = 181AC804180AACBC00C6389B /* FeedListTableViewController.m */; };
		181AC808180AACE400C6389B /* WebViewController.m in Sources */ = {isa = PBXBuildFile; fileRef = 181AC807180AACE400C6389B /* WebViewController.m */; };
		181EE45E1812C201000CFD49 /* AddUrlViewController.m in Sources */ = {isa = PBXBuildFile; fileRef = 181EE45D1812C201000CFD49 /* AddUrlViewController.m */; };
/* End PBXBuildFile section */

/* Begin PBXContainerItemProxy section */
		181AC7EE180AAC7500C6389B /* PBXContainerItemProxy */ = {
			isa = PBXContainerItemProxy;
			containerPortal = 181AC7C6180AAC7500C6389B /* Project object */;
			proxyType = 1;
			remoteGlobalIDString = 181AC7CD180AAC7500C6389B;
			remoteInfo = test1003_XmlParser;
		};
/* End PBXContainerItemProxy section */

/* Begin PBXFileReference section */
		181AC7CE180AAC7500C6389B /* test1003_XmlParser.app */ = {isa = PBXFileReference; explicitFileType = wrapper.application; includeInIndex = 0; path = test1003_XmlParser.app; sourceTree = BUILT_PRODUCTS_DIR; };
		181AC7D1180AAC7500C6389B /* Foundation.framework */ = {isa = PBXFileReference; lastKnownFileType = wrapper.framework; name = Foundation.framework; path = System/Library/Frameworks/Foundation.framework; sourceTree = SDKROOT; };
		181AC7D3180AAC7500C6389B /* CoreGraphics.framework */ = {isa = PBXFileReference; lastKnownFileType = wrapper.framework; name = CoreGraphics.framework; path = System/Library/Frameworks/CoreGraphics.framework; sourceTree = SDKROOT; };
		181AC7D5180AAC7500C6389B /* UIKit.framework */ = {isa = PBXFileReference; lastKnownFileType = wrapper.framework; name = UIKit.framework; path = System/Library/Frameworks/UIKit.framework; sourceTree = SDKROOT; };
		181AC7D9180AAC7500C6389B /* test1003_XmlParser-Info.plist */ = {isa = PBXFileReference; lastKnownFileType = text.plist.xml; path = "test1003_XmlParser-Info.plist"; sourceTree = "<group>"; };
		181AC7DB180AAC7500C6389B /* en */ = {isa = PBXFileReference; lastKnownFileType = text.plist.strings; name = en; path = en.lproj/InfoPlist.strings; sourceTree = "<group>"; };
		181AC7DD180AAC7500C6389B /* main.m */ = {isa = PBXFileReference; lastKnownFileType = sourcecode.c.objc; path = main.m; sourceTree = "<group>"; };
		181AC7DF180AAC7500C6389B /* test1003_XmlParser-Prefix.pch */ = {isa = PBXFileReference; lastKnownFileType = sourcecode.c.h; path = "test1003_XmlParser-Prefix.pch"; sourceTree = "<group>"; };
		181AC7E0180AAC7500C6389B /* AppDelegate.h */ = {isa = PBXFileReference; lastKnownFileType = sourcecode.c.h; path = AppDelegate.h; sourceTree = "<group>"; };
		181AC7E1180AAC7500C6389B /* AppDelegate.m */ = {isa = PBXFileReference; lastKnownFileType = sourcecode.c.objc; path = AppDelegate.m; sourceTree = "<group>"; };
		181AC7E3180AAC7500C6389B /* Images.xcassets */ = {isa = PBXFileReference; lastKnownFileType = folder.assetcatalog; path = Images.xcassets; sourceTree = "<group>"; };
		181AC7E9180AAC7500C6389B /* test1003_XmlParserTests.xctest */ = {isa = PBXFileReference; explicitFileType = wrapper.cfbundle; includeInIndex = 0; path = test1003_XmlParserTests.xctest; sourceTree = BUILT_PRODUCTS_DIR; };
		181AC7EA180AAC7500C6389B /* XCTest.framework */ = {isa = PBXFileReference; lastKnownFileType = wrapper.framework; name = XCTest.framework; path = Library/Frameworks/XCTest.framework; sourceTree = DEVELOPER_DIR; };
		181AC7F2180AAC7500C6389B /* test1003_XmlParserTests-Info.plist */ = {isa = PBXFileReference; lastKnownFileType = text.plist.xml; path = "test1003_XmlParserTests-Info.plist"; sourceTree = "<group>"; };
		181AC7F4180AAC7500C6389B /* en */ = {isa = PBXFileReference; lastKnownFileType = text.plist.strings; name = en; path = en.lproj/InfoPlist.strings; sourceTree = "<group>"; };
		181AC7F6180AAC7500C6389B /* test1003_XmlParserTests.m */ = {isa = PBXFileReference; lastKnownFileType = sourcecode.c.objc; path = test1003_XmlParserTests.m; sourceTree = "<group>"; };
		181AC800180AACAA00C6389B /* UrlListTableViewController.h */ = {isa = PBXFileReference; fileEncoding = 4; lastKnownFileType = sourcecode.c.h; path = UrlListTableViewController.h; sourceTree = "<group>"; };
		181AC801180AACAA00C6389B /* UrlListTableViewController.m */ = {isa = PBXFileReference; fileEncoding = 4; lastKnownFileType = sourcecode.c.objc; path = UrlListTableViewController.m; sourceTree = "<group>"; };
		181AC803180AACBC00C6389B /* FeedListTableViewController.h */ = {isa = PBXFileReference; fileEncoding = 4; lastKnownFileType = sourcecode.c.h; path = FeedListTableViewController.h; sourceTree = "<group>"; };
		181AC804180AACBC00C6389B /* FeedListTableViewController.m */ = {isa = PBXFileReference; fileEncoding = 4; lastKnownFileType = sourcecode.c.objc; path = FeedListTableViewController.m; sourceTree = "<group>"; };
		181AC806180AACE300C6389B /* WebViewController.h */ = {isa = PBXFileReference; fileEncoding = 4; lastKnownFileType = sourcecode.c.h; path = WebViewController.h; sourceTree = "<group>"; };
		181AC807180AACE400C6389B /* WebViewController.m */ = {isa = PBXFileReference; fileEncoding = 4; lastKnownFileType = sourcecode.c.objc; path = WebViewController.m; sourceTree = "<group>"; };
		181EE45C1812C201000CFD49 /* AddUrlViewController.h */ = {isa = PBXFileReference; fileEncoding = 4; lastKnownFileType = sourcecode.c.h; path = AddUrlViewController.h; sourceTree = "<group>"; };
		181EE45D1812C201000CFD49 /* AddUrlViewController.m */ = {isa = PBXFileReference; fileEncoding = 4; lastKnownFileType = sourcecode.c.objc; path = AddUrlViewController.m; sourceTree = "<group>"; };
/* End PBXFileReference section */

/* Begin PBXFrameworksBuildPhase section */
		181AC7CB180AAC7500C6389B /* Frameworks */ = {
			isa = PBXFrameworksBuildPhase;
			buildActionMask = 2147483647;
			files = (
				181AC7D4180AAC7500C6389B /* CoreGraphics.framework in Frameworks */,
				181AC7D6180AAC7500C6389B /* UIKit.framework in Frameworks */,
				181AC7D2180AAC7500C6389B /* Foundation.framework in Frameworks */,
			);
			runOnlyForDeploymentPostprocessing = 0;
		};
		181AC7E6180AAC7500C6389B /* Frameworks */ = {
			isa = PBXFrameworksBuildPhase;
			buildActionMask = 2147483647;
			files = (
				181AC7EB180AAC7500C6389B /* XCTest.framework in Frameworks */,
				181AC7ED180AAC7500C6389B /* UIKit.framework in Frameworks */,
				181AC7EC180AAC7500C6389B /* Foundation.framework in Frameworks */,
			);
			runOnlyForDeploymentPostprocessing = 0;
		};
/* End PBXFrameworksBuildPhase section */

/* Begin PBXGroup section */
		181AC7C5180AAC7500C6389B = {
			isa = PBXGroup;
			children = (
				181AC800180AACAA00C6389B /* UrlListTableViewController.h */,
				181AC801180AACAA00C6389B /* UrlListTableViewController.m */,
				181EE45C1812C201000CFD49 /* AddUrlViewController.h */,
				181EE45D1812C201000CFD49 /* AddUrlViewController.m */,
				181AC803180AACBC00C6389B /* FeedListTableViewController.h */,
				181AC804180AACBC00C6389B /* FeedListTableViewController.m */,
				181AC806180AACE300C6389B /* WebViewController.h */,
				181AC807180AACE400C6389B /* WebViewController.m */,
				181AC7D7180AAC7500C6389B /* test1003_XmlParser */,
				181AC7F0180AAC7500C6389B /* test1003_XmlParserTests */,
				181AC7D0180AAC7500C6389B /* Frameworks */,
				181AC7CF180AAC7500C6389B /* Products */,
			);
			sourceTree = "<group>";
		};
		181AC7CF180AAC7500C6389B /* Products */ = {
			isa = PBXGroup;
			children = (
				181AC7CE180AAC7500C6389B /* test1003_XmlParser.app */,
				181AC7E9180AAC7500C6389B /* test1003_XmlParserTests.xctest */,
			);
			name = Products;
			sourceTree = "<group>";
		};
		181AC7D0180AAC7500C6389B /* Frameworks */ = {
			isa = PBXGroup;
			children = (
				181AC7D1180AAC7500C6389B /* Foundation.framework */,
				181AC7D3180AAC7500C6389B /* CoreGraphics.framework */,
				181AC7D5180AAC7500C6389B /* UIKit.framework */,
				181AC7EA180AAC7500C6389B /* XCTest.framework */,
			);
			name = Frameworks;
			sourceTree = "<group>";
		};
		181AC7D7180AAC7500C6389B /* test1003_XmlParser */ = {
			isa = PBXGroup;
			children = (
				181AC7E0180AAC7500C6389B /* AppDelegate.h */,
				181AC7E1180AAC7500C6389B /* AppDelegate.m */,
				181AC7E3180AAC7500C6389B /* Images.xcassets */,
				181AC7D8180AAC7500C6389B /* Supporting Files */,
			);
			path = test1003_XmlParser;
			sourceTree = "<group>";
		};
		181AC7D8180AAC7500C6389B /* Supporting Files */ = {
			isa = PBXGroup;
			children = (
				181AC7D9180AAC7500C6389B /* test1003_XmlParser-Info.plist */,
				181AC7DA180AAC7500C6389B /* InfoPlist.strings */,
				181AC7DD180AAC7500C6389B /* main.m */,
				181AC7DF180AAC7500C6389B /* test1003_XmlParser-Prefix.pch */,
			);
			name = "Supporting Files";
			sourceTree = "<group>";
		};
		181AC7F0180AAC7500C6389B /* test1003_XmlParserTests */ = {
			isa = PBXGroup;
			children = (
				181AC7F6180AAC7500C6389B /* test1003_XmlParserTests.m */,
				181AC7F1180AAC7500C6389B /* Supporting Files */,
			);
			path = test1003_XmlParserTests;
			sourceTree = "<group>";
		};
		181AC7F1180AAC7500C6389B /* Supporting Files */ = {
			isa = PBXGroup;
			children = (
				181AC7F2180AAC7500C6389B /* test1003_XmlParserTests-Info.plist */,
				181AC7F3180AAC7500C6389B /* InfoPlist.strings */,
			);
			name = "Supporting Files";
			sourceTree = "<group>";
		};
/* End PBXGroup section */

/* Begin PBXNativeTarget section */
		181AC7CD180AAC7500C6389B /* test1003_XmlParser */ = {
			isa = PBXNativeTarget;
			buildConfigurationList = 181AC7FA180AAC7500C6389B /* Build configuration list for PBXNativeTarget "test1003_XmlParser" */;
			buildPhases = (
				181AC7CA180AAC7500C6389B /* Sources */,
				181AC7CB180AAC7500C6389B /* Frameworks */,
				181AC7CC180AAC7500C6389B /* Resources */,
			);
			buildRules = (
			);
			dependencies = (
			);
			name = test1003_XmlParser;
			productName = test1003_XmlParser;
			productReference = 181AC7CE180AAC7500C6389B /* test1003_XmlParser.app */;
			productType = "com.apple.product-type.application";
		};
		181AC7E8180AAC7500C6389B /* test1003_XmlParserTests */ = {
			isa = PBXNativeTarget;
			buildConfigurationList = 181AC7FD180AAC7500C6389B /* Build configuration list for PBXNativeTarget "test1003_XmlParserTests" */;
			buildPhases = (
				181AC7E5180AAC7500C6389B /* Sources */,
				181AC7E6180AAC7500C6389B /* Frameworks */,
				181AC7E7180AAC7500C6389B /* Resources */,
			);
			buildRules = (
			);
			dependencies = (
				181AC7EF180AAC7500C6389B /* PBXTargetDependency */,
			);
			name = test1003_XmlParserTests;
			productName = test1003_XmlParserTests;
			productReference = 181AC7E9180AAC7500C6389B /* test1003_XmlParserTests.xctest */;
			productType = "com.apple.product-type.bundle.unit-test";
		};
/* End PBXNativeTarget section */

/* Begin PBXProject section */
		181AC7C6180AAC7500C6389B /* Project object */ = {
			isa = PBXProject;
			attributes = {
				LastUpgradeCheck = 0500;
				ORGANIZATIONNAME = com.beyondjapan;
				TargetAttributes = {
					181AC7E8180AAC7500C6389B = {
						TestTargetID = 181AC7CD180AAC7500C6389B;
					};
				};
			};
			buildConfigurationList = 181AC7C9180AAC7500C6389B /* Build configuration list for PBXProject "test1003_XmlParser" */;
			compatibilityVersion = "Xcode 3.2";
			developmentRegion = English;
			hasScannedForEncodings = 0;
			knownRegions = (
				en,
			);
			mainGroup = 181AC7C5180AAC7500C6389B;
			productRefGroup = 181AC7CF180AAC7500C6389B /* Products */;
			projectDirPath = "";
			projectRoot = "";
			targets = (
				181AC7CD180AAC7500C6389B /* test1003_XmlParser */,
				181AC7E8180AAC7500C6389B /* test1003_XmlParserTests */,
			);
		};
/* End PBXProject section */

/* Begin PBXResourcesBuildPhase section */
		181AC7CC180AAC7500C6389B /* Resources */ = {
			isa = PBXResourcesBuildPhase;
			buildActionMask = 2147483647;
			files = (
				181AC7DC180AAC7500C6389B /* InfoPlist.strings in Resources */,
				181AC7E4180AAC7500C6389B /* Images.xcassets in Resources */,
			);
			runOnlyForDeploymentPostprocessing = 0;
		};
		181AC7E7180AAC7500C6389B /* Resources */ = {
			isa = PBXResourcesBuildPhase;
			buildActionMask = 2147483647;
			files = (
				181AC7F5180AAC7500C6389B /* InfoPlist.strings in Resources */,
			);
			runOnlyForDeploymentPostprocessing = 0;
		};
/* End PBXResourcesBuildPhase section */

/* Begin PBXSourcesBuildPhase section */
		181AC7CA180AAC7500C6389B /* Sources */ = {
			isa = PBXSourcesBuildPhase;
			buildActionMask = 2147483647;
			files = (
				181AC7E2180AAC7500C6389B /* AppDelegate.m in Sources */,
				181AC808180AACE400C6389B /* WebViewController.m in Sources */,
				181AC7DE180AAC7500C6389B /* main.m in Sources */,
				181AC802180AACAA00C6389B /* UrlListTableViewController.m in Sources */,
				181EE45E1812C201000CFD49 /* AddUrlViewController.m in Sources */,
				181AC805180AACBC00C6389B /* FeedListTableViewController.m in Sources */,
			);
			runOnlyForDeploymentPostprocessing = 0;
		};
		181AC7E5180AAC7500C6389B /* Sources */ = {
			isa = PBXSourcesBuildPhase;
			buildActionMask = 2147483647;
			files = (
				181AC7F7180AAC7500C6389B /* test1003_XmlParserTests.m in Sources */,
			);
			runOnlyForDeploymentPostprocessing = 0;
		};
/* End PBXSourcesBuildPhase section */

/* Begin PBXTargetDependency section */
		181AC7EF180AAC7500C6389B /* PBXTargetDependency */ = {
			isa = PBXTargetDependency;
			target = 181AC7CD180AAC7500C6389B /* test1003_XmlParser */;
			targetProxy = 181AC7EE180AAC7500C6389B /* PBXContainerItemProxy */;
		};
/* End PBXTargetDependency section */

/* Begin PBXVariantGroup section */
		181AC7DA180AAC7500C6389B /* InfoPlist.strings */ = {
			isa = PBXVariantGroup;
			children = (
				181AC7DB180AAC7500C6389B /* en */,
			);
			name = InfoPlist.strings;
			sourceTree = "<group>";
		};
		181AC7F3180AAC7500C6389B /* InfoPlist.strings */ = {
			isa = PBXVariantGroup;
			children = (
				181AC7F4180AAC7500C6389B /* en */,
			);
			name = InfoPlist.strings;
			sourceTree = "<group>";
		};
/* End PBXVariantGroup section */

/* Begin XCBuildConfiguration section */
		181AC7F8180AAC7500C6389B /* Debug */ = {
			isa = XCBuildConfiguration;
			buildSettings = {
				ALWAYS_SEARCH_USER_PATHS = NO;
				ARCHS = "$(ARCHS_STANDARD_INCLUDING_64_BIT)";
				CLANG_CXX_LANGUAGE_STANDARD = "gnu++0x";
				CLANG_CXX_LIBRARY = "libc++";
				CLANG_ENABLE_MODULES = YES;
				CLANG_ENABLE_OBJC_ARC = YES;
				CLANG_WARN_BOOL_CONVERSION = YES;
				CLANG_WARN_CONSTANT_CONVERSION = YES;
				CLANG_WARN_DIRECT_OBJC_ISA_USAGE = YES_ERROR;
				CLANG_WARN_EMPTY_BODY = YES;
				CLANG_WARN_ENUM_CONVERSION = YES;
				CLANG_WARN_INT_CONVERSION = YES;
				CLANG_WARN_OBJC_ROOT_CLASS = YES_ERROR;
				CLANG_WARN__DUPLICATE_METHOD_MATCH = YES;
				"CODE_SIGN_IDENTITY[sdk=iphoneos*]" = "iPhone Developer";
				COPY_PHASE_STRIP = NO;
				GCC_C_LANGUAGE_STANDARD = gnu99;
				GCC_DYNAMIC_NO_PIC = NO;
				GCC_OPTIMIZATION_LEVEL = 0;
				GCC_PREPROCESSOR_DEFINITIONS = (
					"DEBUG=1",
					"$(inherited)",
				);
				GCC_SYMBOLS_PRIVATE_EXTERN = NO;
				GCC_WARN_64_TO_32_BIT_CONVERSION = YES;
				GCC_WARN_ABOUT_RETURN_TYPE = YES_ERROR;
				GCC_WARN_UNDECLARED_SELECTOR = YES;
				GCC_WARN_UNINITIALIZED_AUTOS = YES;
				GCC_WARN_UNUSED_FUNCTION = YES;
				GCC_WARN_UNUSED_VARIABLE = YES;
				IPHONEOS_DEPLOYMENT_TARGET = 7.0;
				ONLY_ACTIVE_ARCH = YES;
				SDKROOT = iphoneos;
				TARGETED_DEVICE_FAMILY = "1,2";
			};
			name = Debug;
		};
		181AC7F9180AAC7500C6389B /* Release */ = {
			isa = XCBuildConfiguration;
			buildSettings = {
				ALWAYS_SEARCH_USER_PATHS = NO;
				ARCHS = "$(ARCHS_STANDARD_INCLUDING_64_BIT)";
				CLANG_CXX_LANGUAGE_STANDARD = "gnu++0x";
				CLANG_CXX_LIBRARY = "libc++";
				CLANG_ENABLE_MODULES = YES;
				CLANG_ENABLE_OBJC_ARC = YES;
				CLANG_WARN_BOOL_CONVERSION = YES;
				CLANG_WARN_CONSTANT_CONVERSION = YES;
				CLANG_WARN_DIRECT_OBJC_ISA_USAGE = YES_ERROR;
				CLANG_WARN_EMPTY_BODY = YES;
				CLANG_WARN_ENUM_CONVERSION = YES;
				CLANG_WARN_INT_CONVERSION = YES;
				CLANG_WARN_OBJC_ROOT_CLASS = YES_ERROR;
				CLANG_WARN__DUPLICATE_METHOD_MATCH = YES;
				"CODE_SIGN_IDENTITY[sdk=iphoneos*]" = "iPhone Developer";
				COPY_PHASE_STRIP = YES;
				ENABLE_NS_ASSERTIONS = NO;
				GCC_C_LANGUAGE_STANDARD = gnu99;
				GCC_WARN_64_TO_32_BIT_CONVERSION = YES;
				GCC_WARN_ABOUT_RETURN_TYPE = YES_ERROR;
				GCC_WARN_UNDECLARED_SELECTOR = YES;
				GCC_WARN_UNINITIALIZED_AUTOS = YES;
				GCC_WARN_UNUSED_FUNCTION = YES;
				GCC_WARN_UNUSED_VARIABLE = YES;
				IPHONEOS_DEPLOYMENT_TARGET = 7.0;
				SDKROOT = iphoneos;
				TARGETED_DEVICE_FAMILY = "1,2";
				VALIDATE_PRODUCT = YES;
			};
			name = Release;
		};
		181AC7FB180AAC7500C6389B /* Debug */ = {
			isa = XCBuildConfiguration;
			buildSettings = {
				ASSETCATALOG_COMPILER_APPICON_NAME = AppIcon;
				ASSETCATALOG_COMPILER_LAUNCHIMAGE_NAME = LaunchImage;
				GCC_PRECOMPILE_PREFIX_HEADER = YES;
				GCC_PREFIX_HEADER = "test1003_XmlParser/test1003_XmlParser-Prefix.pch";
				INFOPLIST_FILE = "test1003_XmlParser/test1003_XmlParser-Info.plist";
				PRODUCT_NAME = "$(TARGET_NAME)";
				WRAPPER_EXTENSION = app;
			};
			name = Debug;
		};
		181AC7FC180AAC7500C6389B /* Release */ = {
			isa = XCBuildConfiguration;
			buildSettings = {
				ASSETCATALOG_COMPILER_APPICON_NAME = AppIcon;
				ASSETCATALOG_COMPILER_LAUNCHIMAGE_NAME = LaunchImage;
				GCC_PRECOMPILE_PREFIX_HEADER = YES;
				GCC_PREFIX_HEADER = "test1003_XmlParser/test1003_XmlParser-Prefix.pch";
				INFOPLIST_FILE = "test1003_XmlParser/test1003_XmlParser-Info.plist";
				PRODUCT_NAME = "$(TARGET_NAME)";
				WRAPPER_EXTENSION = app;
			};
			name = Release;
		};
		181AC7FE180AAC7500C6389B /* Debug */ = {
			isa = XCBuildConfiguration;
			buildSettings = {
				ARCHS = "$(ARCHS_STANDARD_INCLUDING_64_BIT)";
				BUNDLE_LOADER = "$(BUILT_PRODUCTS_DIR)/test1003_XmlParser.app/test1003_XmlParser";
				FRAMEWORK_SEARCH_PATHS = (
					"$(SDKROOT)/Developer/Library/Frameworks",
					"$(inherited)",
					"$(DEVELOPER_FRAMEWORKS_DIR)",
				);
				GCC_PRECOMPILE_PREFIX_HEADER = YES;
				GCC_PREFIX_HEADER = "test1003_XmlParser/test1003_XmlParser-Prefix.pch";
				GCC_PREPROCESSOR_DEFINITIONS = (
					"DEBUG=1",
					"$(inherited)",
				);
				INFOPLIST_FILE = "test1003_XmlParserTests/test1003_XmlParserTests-Info.plist";
				PRODUCT_NAME = "$(TARGET_NAME)";
				TEST_HOST = "$(BUNDLE_LOADER)";
				WRAPPER_EXTENSION = xctest;
			};
			name = Debug;
		};
		181AC7FF180AAC7500C6389B /* Release */ = {
			isa = XCBuildConfiguration;
			buildSettings = {
				ARCHS = "$(ARCHS_STANDARD_INCLUDING_64_BIT)";
				BUNDLE_LOADER = "$(BUILT_PRODUCTS_DIR)/test1003_XmlParser.app/test1003_XmlParser";
				FRAMEWORK_SEARCH_PATHS = (
					"$(SDKROOT)/Developer/Library/Frameworks",
					"$(inherited)",
					"$(DEVELOPER_FRAMEWORKS_DIR)",
				);
				GCC_PRECOMPILE_PREFIX_HEADER = YES;
				GCC_PREFIX_HEADER = "test1003_XmlParser/test1003_XmlParser-Prefix.pch";
				INFOPLIST_FILE = "test1003_XmlParserTests/test1003_XmlParserTests-Info.plist";
				PRODUCT_NAME = "$(TARGET_NAME)";
				TEST_HOST = "$(BUNDLE_LOADER)";
				WRAPPER_EXTENSION = xctest;
			};
			name = Release;
		};
/* End XCBuildConfiguration section */

/* Begin XCConfigurationList section */
		181AC7C9180AAC7500C6389B /* Build configuration list for PBXProject "test1003_XmlParser" */ = {
			isa = XCConfigurationList;
			buildConfigurations = (
				181AC7F8180AAC7500C6389B /* Debug */,
				181AC7F9180AAC7500C6389B /* Release */,
			);
			defaultConfigurationIsVisible = 0;
			defaultConfigurationName = Release;
		};
		181AC7FA180AAC7500C6389B /* Build configuration list for PBXNativeTarget "test1003_XmlParser" */ = {
			isa = XCConfigurationList;
			buildConfigurations = (
				181AC7FB180AAC7500C6389B /* Debug */,
				181AC7FC180AAC7500C6389B /* Release */,
			);
			defaultConfigurationIsVisible = 0;
			defaultConfigurationName = Release;
		};
		181AC7FD180AAC7500C6389B /* Build configuration list for PBXNativeTarget "test1003_XmlParserTests" */ = {
			isa = XCConfigurationList;
			buildConfigurations = (
				181AC7FE180AAC7500C6389B /* Debug */,
				181AC7FF180AAC7500C6389B /* Release */,
			);
			defaultConfigurationIsVisible = 0;
			defaultConfigurationName = Release;
		};
/* End XCConfigurationList section */
	};
	rootObject = 181AC7C6180AAC7500C6389B /* Project object */;
}
